
Microsoft Visual Studio Solution File, Format Version 12.00
# Visual Studio 15
VisualStudioVersion = 15.0.26430.14
MinimumVisualStudioVersion = 10.0.40219.1
Project("{FAE04EC0-301F-11D3-BF4B-00C04F79EFBC}") = "OpcUa.WinFormClient", "src\OpcUa.WinFormClient\OpcUa.WinFormClient.csproj", "{A8EB3B7D-1A92-4BB5-918B-78B370015B6F}"
EndProject
Project("{9A19103F-16F7-4668-BE54-9A1E7A4F7556}") = "NetCoreConsoleServer", "src\NetCoreConsoleServer\NetCoreConsoleServer.csproj", "{D7BE000E-0D90-4A82-BA8C-0700990F1C7F}"
EndProject
Project("{9A19103F-16F7-4668-BE54-9A1E7A4F7556}") = "NetCoreConsoleClient", "src\NetCoreConsoleClient\NetCoreConsoleClient.csproj", "{ED9C7E73-0582-4974-8E85-09D595D1101C}"
EndProject
Project("{9A19103F-16F7-4668-BE54-9A1E7A4F7556}") = "Opc.Ua.Client", "src\Opc.Ua.Client\Opc.Ua.Client.csproj", "{01A5F6AA-D6AE-493B-A687-9B5417F7F1D4}"
EndProject
Project("{9A19103F-16F7-4668-BE54-9A1E7A4F7556}") = "Opc.Ua.Server", "src\Opc.Ua.Server\Opc.Ua.Server.csproj", "{320E8728-EA86-4B4A-B5BB-92175B30748A}"
EndProject
Project("{9A19103F-16F7-4668-BE54-9A1E7A4F7556}") = "Opc.Ua.Configuration", "src\Opc.Ua.Configuration\Opc.Ua.Configuration.csproj", "{134D20E9-D04B-4C37-BB87-05E5FB011CE9}"
EndProject
Project("{9A19103F-16F7-4668-BE54-9A1E7A4F7556}") = "Opc.Ua.Sample", "src\Opc.Ua.Sample\Opc.Ua.Sample.csproj", "{C917A9A3-5DE3-40D1-9491-2E1D326C3A14}"
EndProject
Project("{9A19103F-16F7-4668-BE54-9A1E7A4F7556}") = "OpcUaServerDemo1", "OpcUaServerDemo1\OpcUaServerDemo1.csproj", "{D79423F4-28E9-4107-A657-6DC47518CA41}"
EndProject
Project("{2150E333-8FDC-42A3-9474-1A3956D46DE8}") = "Aggregation", "Aggregation", "{3D8EB36B-2EF5-4BF2-B4BE-3A03AE5D6F49}"
EndProject
Project("{FAE04EC0-301F-11D3-BF4B-00C04F79EFBC}") = "UA Server Controls", "src\UA Server Controls\UA Server Controls.csproj", "{10016CEB-D9DD-4EE1-AF69-889936B77A5F}"
EndProject
Project("{FAE04EC0-301F-11D3-BF4B-00C04F79EFBC}") = "UA Sample Controls", "src\UA Sample Controls\UA Sample Controls.csproj", "{92AE819B-4938-4502-AC32-67063F9893CD}"
EndProject
Project("{FAE04EC0-301F-11D3-BF4B-00C04F79EFBC}") = "UA Client Controls", "src\UA Client Controls\UA Client Controls.csproj", "{A247D2EE-14FC-463D-A9BA-6CFF1EF22B7A}"
EndProject
Project("{9A19103F-16F7-4668-BE54-9A1E7A4F7556}") = "ConsoleAggregationServer", "src\ConsoleAggregationServer\ConsoleAggregationServer.csproj", "{BDBB326F-044B-4A4B-B255-1AD1804BAED8}"
EndProject
Project("{FAE04EC0-301F-11D3-BF4B-00C04F79EFBC}") = "Aggregation Server", "src\Aggregation Server\Aggregation Server.csproj", "{41A9D2F0-BFE0-4FFB-94F0-57AAC2C26899}"
EndProject
Project("{FAE04EC0-301F-11D3-BF4B-00C04F79EFBC}") = "Aggregation Client", "src\Aggregation Client\Aggregation Client.csproj", "{F866F577-1EE0-447C-B47F-30180313B4C6}"
EndProject
Project("{2150E333-8FDC-42A3-9474-1A3956D46DE8}") = "Controls", "Controls", "{F8B4A775-D6E5-4985-B72E-A92C9FE7F5D9}"
EndProject
Project("{2150E333-8FDC-42A3-9474-1A3956D46DE8}") = "Reference", "Reference", "{9E04E1A9-1F2B-465A-A88C-9E15DC0BE2B7}"
EndProject
Project("{FAE04EC0-301F-11D3-BF4B-00C04F79EFBC}") = "Reference Server", "src\Reference Server\Reference Server.csproj", "{42EF4F25-29BF-4AB7-B403-8523694A3B36}"
EndProject
Project("{FAE04EC0-301F-11D3-BF4B-00C04F79EFBC}") = "Reference Client", "src\Reference Client\Reference Client.csproj", "{9C1E7F15-2EE3-440D-8E17-00C38073822A}"
EndProject
Project("{FAE04EC0-301F-11D3-BF4B-00C04F79EFBC}") = "ConsoleReferenceServer", "src\ConsoleReferenceServer\ConsoleReferenceServer.csproj", "{A1AF7044-C815-40BF-939B-6CC5EAD9C889}"
EndProject
Global
	GlobalSection(SolutionConfigurationPlatforms) = preSolution
		Debug|Any CPU = Debug|Any CPU
		Release|Any CPU = Release|Any CPU
	EndGlobalSection
	GlobalSection(ProjectConfigurationPlatforms) = postSolution
		{A8EB3B7D-1A92-4BB5-918B-78B370015B6F}.Debug|Any CPU.ActiveCfg = Debug|Any CPU
		{A8EB3B7D-1A92-4BB5-918B-78B370015B6F}.Debug|Any CPU.Build.0 = Debug|Any CPU
		{A8EB3B7D-1A92-4BB5-918B-78B370015B6F}.Release|Any CPU.ActiveCfg = Release|Any CPU
		{A8EB3B7D-1A92-4BB5-918B-78B370015B6F}.Release|Any CPU.Build.0 = Release|Any CPU
		{D7BE000E-0D90-4A82-BA8C-0700990F1C7F}.Debug|Any CPU.ActiveCfg = Debug|Any CPU
		{D7BE000E-0D90-4A82-BA8C-0700990F1C7F}.Debug|Any CPU.Build.0 = Debug|Any CPU
		{D7BE000E-0D90-4A82-BA8C-0700990F1C7F}.Release|Any CPU.ActiveCfg = Release|Any CPU
		{D7BE000E-0D90-4A82-BA8C-0700990F1C7F}.Release|Any CPU.Build.0 = Release|Any CPU
		{ED9C7E73-0582-4974-8E85-09D595D1101C}.Debug|Any CPU.ActiveCfg = Debug|Any CPU
		{ED9C7E73-0582-4974-8E85-09D595D1101C}.Debug|Any CPU.Build.0 = Debug|Any CPU
		{ED9C7E73-0582-4974-8E85-09D595D1101C}.Release|Any CPU.ActiveCfg = Release|Any CPU
		{ED9C7E73-0582-4974-8E85-09D595D1101C}.Release|Any CPU.Build.0 = Release|Any CPU
		{01A5F6AA-D6AE-493B-A687-9B5417F7F1D4}.Debug|Any CPU.ActiveCfg = Debug|Any CPU
		{01A5F6AA-D6AE-493B-A687-9B5417F7F1D4}.Debug|Any CPU.Build.0 = Debug|Any CPU
		{01A5F6AA-D6AE-493B-A687-9B5417F7F1D4}.Release|Any CPU.ActiveCfg = Release|Any CPU
		{01A5F6AA-D6AE-493B-A687-9B5417F7F1D4}.Release|Any CPU.Build.0 = Release|Any CPU
		{320E8728-EA86-4B4A-B5BB-92175B30748A}.Debug|Any CPU.ActiveCfg = Debug|Any CPU
		{320E8728-EA86-4B4A-B5BB-92175B30748A}.Debug|Any CPU.Build.0 = Debug|Any CPU
		{320E8728-EA86-4B4A-B5BB-92175B30748A}.Release|Any CPU.ActiveCfg = Release|Any CPU
		{320E8728-EA86-4B4A-B5BB-92175B30748A}.Release|Any CPU.Build.0 = Release|Any CPU
		{134D20E9-D04B-4C37-BB87-05E5FB011CE9}.Debug|Any CPU.ActiveCfg = Debug|Any CPU
		{134D20E9-D04B-4C37-BB87-05E5FB011CE9}.Debug|Any CPU.Build.0 = Debug|Any CPU
		{134D20E9-D04B-4C37-BB87-05E5FB011CE9}.Release|Any CPU.ActiveCfg = Release|Any CPU
		{134D20E9-D04B-4C37-BB87-05E5FB011CE9}.Release|Any CPU.Build.0 = Release|Any CPU
		{C917A9A3-5DE3-40D1-9491-2E1D326C3A14}.Debug|Any CPU.ActiveCfg = Debug|Any CPU
		{C917A9A3-5DE3-40D1-9491-2E1D326C3A14}.Debug|Any CPU.Build.0 = Debug|Any CPU
		{C917A9A3-5DE3-40D1-9491-2E1D326C3A14}.Release|Any CPU.ActiveCfg = Release|Any CPU
		{C917A9A3-5DE3-40D1-9491-2E1D326C3A14}.Release|Any CPU.Build.0 = Release|Any CPU
		{D79423F4-28E9-4107-A657-6DC47518CA41}.Debug|Any CPU.ActiveCfg = Debug|Any CPU
		{D79423F4-28E9-4107-A657-6DC47518CA41}.Debug|Any CPU.Build.0 = Debug|Any CPU
		{D79423F4-28E9-4107-A657-6DC47518CA41}.Release|Any CPU.ActiveCfg = Release|Any CPU
		{D79423F4-28E9-4107-A657-6DC47518CA41}.Release|Any CPU.Build.0 = Release|Any CPU
		{10016CEB-D9DD-4EE1-AF69-889936B77A5F}.Debug|Any CPU.ActiveCfg = Debug|Any CPU
		{10016CEB-D9DD-4EE1-AF69-889936B77A5F}.Debug|Any CPU.Build.0 = Debug|Any CPU
		{10016CEB-D9DD-4EE1-AF69-889936B77A5F}.Release|Any CPU.ActiveCfg = Release|Any CPU
		{10016CEB-D9DD-4EE1-AF69-889936B77A5F}.Release|Any CPU.Build.0 = Release|Any CPU
		{92AE819B-4938-4502-AC32-67063F9893CD}.Debug|Any CPU.ActiveCfg = Debug|Any CPU
		{92AE819B-4938-4502-AC32-67063F9893CD}.Debug|Any CPU.Build.0 = Debug|Any CPU
		{92AE819B-4938-4502-AC32-67063F9893CD}.Release|Any CPU.ActiveCfg = Release|Any CPU
		{92AE819B-4938-4502-AC32-67063F9893CD}.Release|Any CPU.Build.0 = Release|Any CPU
		{A247D2EE-14FC-463D-A9BA-6CFF1EF22B7A}.Debug|Any CPU.ActiveCfg = Debug|Any CPU
		{A247D2EE-14FC-463D-A9BA-6CFF1EF22B7A}.Debug|Any CPU.Build.0 = Debug|Any CPU
		{A247D2EE-14FC-463D-A9BA-6CFF1EF22B7A}.Release|Any CPU.ActiveCfg = Release|Any CPU
		{A247D2EE-14FC-463D-A9BA-6CFF1EF22B7A}.Release|Any CPU.Build.0 = Release|Any CPU
		{BDBB326F-044B-4A4B-B255-1AD1804BAED8}.Debug|Any CPU.ActiveCfg = Debug|Any CPU
		{BDBB326F-044B-4A4B-B255-1AD1804BAED8}.Debug|Any CPU.Build.0 = Debug|Any CPU
		{BDBB326F-044B-4A4B-B255-1AD1804BAED8}.Release|Any CPU.ActiveCfg = Release|Any CPU
		{BDBB326F-044B-4A4B-B255-1AD1804BAED8}.Release|Any CPU.Build.0 = Release|Any CPU
		{41A9D2F0-BFE0-4FFB-94F0-57AAC2C26899}.Debug|Any CPU.ActiveCfg = Debug|Any CPU
		{41A9D2F0-BFE0-4FFB-94F0-57AAC2C26899}.Debug|Any CPU.Build.0 = Debug|Any CPU
		{41A9D2F0-BFE0-4FFB-94F0-57AAC2C26899}.Release|Any CPU.ActiveCfg = Release|Any CPU
		{41A9D2F0-BFE0-4FFB-94F0-57AAC2C26899}.Release|Any CPU.Build.0 = Release|Any CPU
		{F866F577-1EE0-447C-B47F-30180313B4C6}.Debug|Any CPU.ActiveCfg = Debug|Any CPU
		{F866F577-1EE0-447C-B47F-30180313B4C6}.Debug|Any CPU.Build.0 = Debug|Any CPU
		{F866F577-1EE0-447C-B47F-30180313B4C6}.Release|Any CPU.ActiveCfg = Release|Any CPU
		{F866F577-1EE0-447C-B47F-30180313B4C6}.Release|Any CPU.Build.0 = Release|Any CPU
		{42EF4F25-29BF-4AB7-B403-8523694A3B36}.Debug|Any CPU.ActiveCfg = Debug|Any CPU
		{42EF4F25-29BF-4AB7-B403-8523694A3B36}.Debug|Any CPU.Build.0 = Debug|Any CPU
		{42EF4F25-29BF-4AB7-B403-8523694A3B36}.Release|Any CPU.ActiveCfg = Release|Any CPU
		{42EF4F25-29BF-4AB7-B403-8523694A3B36}.Release|Any CPU.Build.0 = Release|Any CPU
		{9C1E7F15-2EE3-440D-8E17-00C38073822A}.Debug|Any CPU.ActiveCfg = Debug|Any CPU
		{9C1E7F15-2EE3-440D-8E17-00C38073822A}.Debug|Any CPU.Build.0 = Debug|Any CPU
		{9C1E7F15-2EE3-440D-8E17-00C38073822A}.Release|Any CPU.ActiveCfg = Release|Any CPU
		{9C1E7F15-2EE3-440D-8E17-00C38073822A}.Release|Any CPU.Build.0 = Release|Any CPU
		{A1AF7044-C815-40BF-939B-6CC5EAD9C889}.Debug|Any CPU.ActiveCfg = Debug|Any CPU
		{A1AF7044-C815-40BF-939B-6CC5EAD9C889}.Debug|Any CPU.Build.0 = Debug|Any CPU
		{A1AF7044-C815-40BF-939B-6CC5EAD9C889}.Release|Any CPU.ActiveCfg = Release|Any CPU
		{A1AF7044-C815-40BF-939B-6CC5EAD9C889}.Release|Any CPU.Build.0 = Release|Any CPU
	EndGlobalSection
	GlobalSection(SolutionProperties) = preSolution
		HideSolutionNode = FALSE
	EndGlobalSection
	GlobalSection(NestedProjects) = preSolution
		{10016CEB-D9DD-4EE1-AF69-889936B77A5F} = {F8B4A775-D6E5-4985-B72E-A92C9FE7F5D9}
		{92AE819B-4938-4502-AC32-67063F9893CD} = {F8B4A775-D6E5-4985-B72E-A92C9FE7F5D9}
		{A247D2EE-14FC-463D-A9BA-6CFF1EF22B7A} = {F8B4A775-D6E5-4985-B72E-A92C9FE7F5D9}
		{BDBB326F-044B-4A4B-B255-1AD1804BAED8} = {3D8EB36B-2EF5-4BF2-B4BE-3A03AE5D6F49}
		{41A9D2F0-BFE0-4FFB-94F0-57AAC2C26899} = {3D8EB36B-2EF5-4BF2-B4BE-3A03AE5D6F49}
		{F866F577-1EE0-447C-B47F-30180313B4C6} = {3D8EB36B-2EF5-4BF2-B4BE-3A03AE5D6F49}
		{42EF4F25-29BF-4AB7-B403-8523694A3B36} = {9E04E1A9-1F2B-465A-A88C-9E15DC0BE2B7}
		{9C1E7F15-2EE3-440D-8E17-00C38073822A} = {9E04E1A9-1F2B-465A-A88C-9E15DC0BE2B7}
		{A1AF7044-C815-40BF-939B-6CC5EAD9C889} = {9E04E1A9-1F2B-465A-A88C-9E15DC0BE2B7}
	EndGlobalSection
EndGlobal
